// !$*UTF8*$!
{
	archiveVersion = 1;
	classes = {
	};
	objectVersion = 46;
	objects = {

/* Begin PBXBuildFile section */
		E3EB67631CD2705A00AE0C36 /* main.m in Sources */ = {isa = PBXBuildFile; fileRef = E3EB67621CD2705A00AE0C36 /* main.m */; };
		E3EB67661CD2705A00AE0C36 /* AppDelegate.m in Sources */ = {isa = PBXBuildFile; fileRef = E3EB67651CD2705A00AE0C36 /* AppDelegate.m */; };
		E3EB67691CD2705A00AE0C36 /* ViewController.m in Sources */ = {isa = PBXBuildFile; fileRef = E3EB67681CD2705A00AE0C36 /* ViewController.m */; };
		E3EB676C1CD2705A00AE0C36 /* Main.storyboard in Resources */ = {isa = PBXBuildFile; fileRef = E3EB676A1CD2705A00AE0C36 /* Main.storyboard */; };
		E3EB676E1CD2705A00AE0C36 /* Assets.xcassets in Resources */ = {isa = PBXBuildFile; fileRef = E3EB676D1CD2705A00AE0C36 /* Assets.xcassets */; };
		E3EB67711CD2705A00AE0C36 /* LaunchScreen.storyboard in Resources */ = {isa = PBXBuildFile; fileRef = E3EB676F1CD2705A00AE0C36 /* LaunchScreen.storyboard */; };
		E3EB677A1CD27C8900AE0C36 /* OhmValue.m in Sources */ = {isa = PBXBuildFile; fileRef = E3EB67791CD27C8900AE0C36 /* OhmValue.m */; };
		E3EB677D1CD280A000AE0C36 /* ValueViewController.m in Sources */ = {isa = PBXBuildFile; fileRef = E3EB677C1CD280A000AE0C36 /* ValueViewController.m */; };
		E3EB67801CD280C000AE0C36 /* ValueCell.m in Sources */ = {isa = PBXBuildFile; fileRef = E3EB677F1CD280C000AE0C36 /* ValueCell.m */; };
/* End PBXBuildFile section */

/* Begin PBXFileReference section */
		E3EB675E1CD2705A00AE0C36 /* HighVoltage.app */ = {isa = PBXFileReference; explicitFileType = wrapper.application; includeInIndex = 0; path = HighVoltage.app; sourceTree = BUILT_PRODUCTS_DIR; };
		E3EB67621CD2705A00AE0C36 /* main.m */ = {isa = PBXFileReference; lastKnownFileType = sourcecode.c.objc; path = main.m; sourceTree = "<group>"; };
		E3EB67641CD2705A00AE0C36 /* AppDelegate.h */ = {isa = PBXFileReference; lastKnownFileType = sourcecode.c.h; path = AppDelegate.h; sourceTree = "<group>"; };
		E3EB67651CD2705A00AE0C36 /* AppDelegate.m */ = {isa = PBXFileReference; lastKnownFileType = sourcecode.c.objc; path = AppDelegate.m; sourceTree = "<group>"; };
		E3EB67671CD2705A00AE0C36 /* ViewController.h */ = {isa = PBXFileReference; lastKnownFileType = sourcecode.c.h; path = ViewController.h; sourceTree = "<group>"; };
		E3EB67681CD2705A00AE0C36 /* ViewController.m */ = {isa = PBXFileReference; lastKnownFileType = sourcecode.c.objc; path = ViewController.m; sourceTree = "<group>"; };
		E3EB676B1CD2705A00AE0C36 /* Base */ = {isa = PBXFileReference; lastKnownFileType = file.storyboard; name = Base; path = Base.lproj/Main.storyboard; sourceTree = "<group>"; };
		E3EB676D1CD2705A00AE0C36 /* Assets.xcassets */ = {isa = PBXFileReference; lastKnownFileType = folder.assetcatalog; path = Assets.xcassets; sourceTree = "<group>"; };
		E3EB67701CD2705A00AE0C36 /* Base */ = {isa = PBXFileReference; lastKnownFileType = file.storyboard; name = Base; path = Base.lproj/LaunchScreen.storyboard; sourceTree = "<group>"; };
		E3EB67721CD2705A00AE0C36 /* Info.plist */ = {isa = PBXFileReference; lastKnownFileType = text.plist.xml; path = Info.plist; sourceTree = "<group>"; };
		E3EB67781CD27C8900AE0C36 /* OhmValue.h */ = {isa = PBXFileReference; fileEncoding = 4; lastKnownFileType = sourcecode.c.h; path = OhmValue.h; sourceTree = "<group>"; };
		E3EB67791CD27C8900AE0C36 /* OhmValue.m */ = {isa = PBXFileReference; fileEncoding = 4; lastKnownFileType = sourcecode.c.objc; path = OhmValue.m; sourceTree = "<group>"; };
		E3EB677B1CD280A000AE0C36 /* ValueViewController.h */ = {isa = PBXFileReference; fileEncoding = 4; lastKnownFileType = sourcecode.c.h; path = ValueViewController.h; sourceTree = "<group>"; };
		E3EB677C1CD280A000AE0C36 /* ValueViewController.m */ = {isa = PBXFileReference; fileEncoding = 4; lastKnownFileType = sourcecode.c.objc; path = ValueViewController.m; sourceTree = "<group>"; };
		E3EB677E1CD280C000AE0C36 /* ValueCell.h */ = {isa = PBXFileReference; fileEncoding = 4; lastKnownFileType = sourcecode.c.h; path = ValueCell.h; sourceTree = "<group>"; };
		E3EB677F1CD280C000AE0C36 /* ValueCell.m */ = {isa = PBXFileReference; fileEncoding = 4; lastKnownFileType = sourcecode.c.objc; path = ValueCell.m; sourceTree = "<group>"; };
/* End PBXFileReference section */

/* Begin PBXFrameworksBuildPhase section */
		E3EB675B1CD2705A00AE0C36 /* Frameworks */ = {
			isa = PBXFrameworksBuildPhase;
			buildActionMask = 2147483647;
			files = (
			);
			runOnlyForDeploymentPostprocessing = 0;
		};
/* End PBXFrameworksBuildPhase section */

/* Begin PBXGroup section */
		E3EB67551CD2705A00AE0C36 = {
			isa = PBXGroup;
			children = (
				E3EB67601CD2705A00AE0C36 /* HighVoltage */,
				E3EB675F1CD2705A00AE0C36 /* Products */,
			);
			sourceTree = "<group>";
		};
		E3EB675F1CD2705A00AE0C36 /* Products */ = {
			isa = PBXGroup;
			children = (
				E3EB675E1CD2705A00AE0C36 /* HighVoltage.app */,
			);
			name = Products;
			sourceTree = "<group>";
		};
		E3EB67601CD2705A00AE0C36 /* HighVoltage */ = {
			isa = PBXGroup;
			children = (
				E3EB67781CD27C8900AE0C36 /* OhmValue.h */,
				E3EB67791CD27C8900AE0C36 /* OhmValue.m */,
				E3EB677B1CD280A000AE0C36 /* ValueViewController.h */,
				E3EB677C1CD280A000AE0C36 /* ValueViewController.m */,
				E3EB677E1CD280C000AE0C36 /* ValueCell.h */,
				E3EB677F1CD280C000AE0C36 /* ValueCell.m */,
				E3EB67671CD2705A00AE0C36 /* ViewController.h */,
				E3EB67681CD2705A00AE0C36 /* ViewController.m */,
				E3EB67641CD2705A00AE0C36 /* AppDelegate.h */,
				E3EB67651CD2705A00AE0C36 /* AppDelegate.m */,
				E3EB676A1CD2705A00AE0C36 /* Main.storyboard */,
				E3EB676D1CD2705A00AE0C36 /* Assets.xcassets */,
				E3EB676F1CD2705A00AE0C36 /* LaunchScreen.storyboard */,
				E3EB67721CD2705A00AE0C36 /* Info.plist */,
				E3EB67611CD2705A00AE0C36 /* Supporting Files */,
			);
			path = HighVoltage;
			sourceTree = "<group>";
		};
		E3EB67611CD2705A00AE0C36 /* Supporting Files */ = {
			isa = PBXGroup;
			children = (
				E3EB67621CD2705A00AE0C36 /* main.m */,
			);
			name = "Supporting Files";
			sourceTree = "<group>";
		};
/* End PBXGroup section */

/* Begin PBXNativeTarget section */
		E3EB675D1CD2705A00AE0C36 /* HighVoltage */ = {
			isa = PBXNativeTarget;
			buildConfigurationList = E3EB67751CD2705A00AE0C36 /* Build configuration list for PBXNativeTarget "HighVoltage" */;
			buildPhases = (
				E3EB675A1CD2705A00AE0C36 /* Sources */,
				E3EB675B1CD2705A00AE0C36 /* Frameworks */,
				E3EB675C1CD2705A00AE0C36 /* Resources */,
			);
			buildRules = (
			);
			dependencies = (
			);
			name = HighVoltage;
			productName = HighVoltage;
			productReference = E3EB675E1CD2705A00AE0C36 /* HighVoltage.app */;
			productType = "com.apple.product-type.application";
		};
/* End PBXNativeTarget section */

/* Begin PBXProject section */
		E3EB67561CD2705A00AE0C36 /* Project object */ = {
			isa = PBXProject;
			attributes = {
				LastUpgradeCheck = 0730;
				ORGANIZATIONNAME = "Tom Williamson";
				TargetAttributes = {
					E3EB675D1CD2705A00AE0C36 = {
						CreatedOnToolsVersion = 7.3;
					};
				};
			};
			buildConfigurationList = E3EB67591CD2705A00AE0C36 /* Build configuration list for PBXProject "HighVoltage" */;
			compatibilityVersion = "Xcode 3.2";
			developmentRegion = English;
			hasScannedForEncodings = 0;
			knownRegions = (
				en,
				Base,
			);
			mainGroup = E3EB67551CD2705A00AE0C36;
			productRefGroup = E3EB675F1CD2705A00AE0C36 /* Products */;
			projectDirPath = "";
			projectRoot = "";
			targets = (
				E3EB675D1CD2705A00AE0C36 /* HighVoltage */,
			);
		};
/* End PBXProject section */

/* Begin PBXResourcesBuildPhase section */
		E3EB675C1CD2705A00AE0C36 /* Resources */ = {
			isa = PBXResourcesBuildPhase;
			buildActionMask = 2147483647;
			files = (
				E3EB67711CD2705A00AE0C36 /* LaunchScreen.storyboard in Resources */,
				E3EB676E1CD2705A00AE0C36 /* Assets.xcassets in Resources */,
				E3EB676C1CD2705A00AE0C36 /* Main.storyboard in Resources */,
			);
			runOnlyForDeploymentPostprocessing = 0;
		};
/* End PBXResourcesBuildPhase section */

/* Begin PBXSourcesBuildPhase section */
		E3EB675A1CD2705A00AE0C36 /* Sources */ = {
			isa = PBXSourcesBuildPhase;
			buildActionMask = 2147483647;
			files = (
				E3EB67691CD2705A00AE0C36 /* ViewController.m in Sources */,
				E3EB67661CD2705A00AE0C36 /* AppDelegate.m in Sources */,
				E3EB677D1CD280A000AE0C36 /* ValueViewController.m in Sources */,
				E3EB677A1CD27C8900AE0C36 /* OhmValue.m in Sources */,
				E3EB67631CD2705A00AE0C36 /* main.m in Sources */,
				E3EB67801CD280C000AE0C36 /* ValueCell.m in Sources */,
			);
			runOnlyForDeploymentPostprocessing = 0;
		};
/* End PBXSourcesBuildPhase section */

/* Begin PBXVariantGroup section */
		E3EB676A1CD2705A00AE0C36 /* Main.storyboard */ = {
			isa = PBXVariantGroup;
			children = (
				E3EB676B1CD2705A00AE0C36 /* Base */,
			);
			name = Main.storyboard;
			sourceTree = "<group>";
		};
		E3EB676F1CD2705A00AE0C36 /* LaunchScreen.storyboard */ = {
			isa = PBXVariantGroup;
			children = (
				E3EB67701CD2705A00AE0C36 /* Base */,
			);
			name = LaunchScreen.storyboard;
			sourceTree = "<group>";
		};
/* End PBXVariantGroup section */

/* Begin XCBuildConfiguration section */
		E3EB67731CD2705A00AE0C36 /* Debug */ = {
			isa = XCBuildConfiguration;
			buildSettings = {
				ALWAYS_SEARCH_USER_PATHS = NO;
				CLANG_ANALYZER_NONNULL = YES;
				CLANG_CXX_LANGUAGE_STANDARD = "gnu++0x";
				CLANG_CXX_LIBRARY = "libc++";
				CLANG_ENABLE_MODULES = YES;
				CLANG_ENABLE_OBJC_ARC = YES;
				CLANG_WARN_BOOL_CONVERSION = YES;
				CLANG_WARN_CONSTANT_CONVERSION = YES;
				CLANG_WARN_DIRECT_OBJC_ISA_USAGE = YES_ERROR;
				CLANG_WARN_EMPTY_BODY = YES;
				CLANG_WARN_ENUM_CONVERSION = YES;
				CLANG_WARN_INT_CONVERSION = YES;
				CLANG_WARN_OBJC_ROOT_CLASS = YES_ERROR;
				CLANG_WARN_UNREACHABLE_CODE = YES;
				CLANG_WARN__DUPLICATE_METHOD_MATCH = YES;
				"CODE_SIGN_IDENTITY[sdk=iphoneos*]" = "iPhone Developer";
				COPY_PHASE_STRIP = NO;
				DEBUG_INFORMATION_FORMAT = dwarf;
				ENABLE_STRICT_OBJC_MSGSEND = YES;
				ENABLE_TESTABILITY = YES;
				GCC_C_LANGUAGE_STANDARD = gnu99;
				GCC_DYNAMIC_NO_PIC = NO;
				GCC_NO_COMMON_BLOCKS = YES;
				GCC_OPTIMIZATION_LEVEL = 0;
				GCC_PREPROCESSOR_DEFINITIONS = (
					"DEBUG=1",
					"$(inherited)",
				);
				GCC_WARN_64_TO_32_BIT_CONVERSION = YES;
				GCC_WARN_ABOUT_RETURN_TYPE = YES_ERROR;
				GCC_WARN_UNDECLARED_SELECTOR = YES;
				GCC_WARN_UNINITIALIZED_AUTOS = YES_AGGRESSIVE;
				GCC_WARN_UNUSED_FUNCTION = YES;
				GCC_WARN_UNUSED_VARIABLE = YES;
				IPHONEOS_DEPLOYMENT_TARGET = 9.3;
				MTL_ENABLE_DEBUG_INFO = YES;
				ONLY_ACTIVE_ARCH = YES;
				SDKROOT = iphoneos;
				TARGETED_DEVICE_FAMILY = "1,2";
			};
			name = Debug;
		};
		E3EB67741CD2705A00AE0C36 /* Release */ = {
			isa = XCBuildConfiguration;
			buildSettings = {
				ALWAYS_SEARCH_USER_PATHS = NO;
				CLANG_ANALYZER_NONNULL = YES;
				CLANG_CXX_LANGUAGE_STANDARD = "gnu++0x";
				CLANG_CXX_LIBRARY = "libc++";
				CLANG_ENABLE_MODULES = YES;
				CLANG_ENABLE_OBJC_ARC = YES;
				CLANG_WARN_BOOL_CONVERSION = YES;
				CLANG_WARN_CONSTANT_CONVERSION = YES;
				CLANG_WARN_DIRECT_OBJC_ISA_USAGE = YES_ERROR;
				CLANG_WARN_EMPTY_BODY = YES;
				CLANG_WARN_ENUM_CONVERSION = YES;
				CLANG_WARN_INT_CONVERSION = YES;
				CLANG_WARN_OBJC_ROOT_CLASS = YES_ERROR;
				CLANG_WARN_UNREACHABLE_CODE = YES;
				CLANG_WARN__DUPLICATE_METHOD_MATCH = YES;
				"CODE_SIGN_IDENTITY[sdk=iphoneos*]" = "iPhone Developer";
				COPY_PHASE_STRIP = NO;
				DEBUG_INFORMATION_FORMAT = "dwarf-with-dsym";
				ENABLE_NS_ASSERTIONS = NO;
				ENABLE_STRICT_OBJC_MSGSEND = YES;
				GCC_C_LANGUAGE_STANDARD = gnu99;
				GCC_NO_COMMON_BLOCKS = YES;
				GCC_WARN_64_TO_32_BIT_CONVERSION = YES;
				GCC_WARN_ABOUT_RETURN_TYPE = YES_ERROR;
				GCC_WARN_UNDECLARED_SELECTOR = YES;
				GCC_WARN_UNINITIALIZED_AUTOS = YES_AGGRESSIVE;
				GCC_WARN_UNUSED_FUNCTION = YES;
				GCC_WARN_UNUSED_VARIABLE = YES;
				IPHONEOS_DEPLOYMENT_TARGET = 9.3;
				MTL_ENABLE_DEBUG_INFO = NO;
				SDKROOT = iphoneos;
				TARGETED_DEVICE_FAMILY = "1,2";
				VALIDATE_PRODUCT = YES;
			};
			name = Release;
		};
		E3EB67761CD2705A00AE0C36 /* Debug */ = {
			isa = XCBuildConfiguration;
			buildSettings = {
				ASSETCATALOG_COMPILER_APPICON_NAME = AppIcon;
				INFOPLIST_FILE = HighVoltage/Info.plist;
				LD_RUNPATH_SEARCH_PATHS = "$(inherited) @executable_path/Frameworks";
				PRODUCT_BUNDLE_IDENTIFIER = com.dtssoftware.HighVoltage;
				PRODUCT_NAME = "$(TARGET_NAME)";
			};
			name = Debug;
		};
		E3EB67771CD2705A00AE0C36 /* Release */ = {
			isa = XCBuildConfiguration;
			buildSettings = {
				ASSETCATALOG_COMPILER_APPICON_NAME = AppIcon;
				INFOPLIST_FILE = HighVoltage/Info.plist;
				LD_RUNPATH_SEARCH_PATHS = "$(inherited) @executable_path/Frameworks";
				PRODUCT_BUNDLE_IDENTIFIER = com.dtssoftware.HighVoltage;
				PRODUCT_NAME = "$(TARGET_NAME)";
			};
			name = Release;
		};
/* End XCBuildConfiguration section */

/* Begin XCConfigurationList section */
		E3EB67591CD2705A00AE0C36 /* Build configuration list for PBXProject "HighVoltage" */ = {
			isa = XCConfigurationList;
			buildConfigurations = (
				E3EB67731CD2705A00AE0C36 /* Debug */,
				E3EB67741CD2705A00AE0C36 /* Release */,
			);
			defaultConfigurationIsVisible = 0;
			defaultConfigurationName = Release;
		};
		E3EB67751CD2705A00AE0C36 /* Build configuration list for PBXNativeTarget "HighVoltage" */ = {
			isa = XCConfigurationList;
			buildConfigurations = (
				E3EB67761CD2705A00AE0C36 /* Debug */,
				E3EB67771CD2705A00AE0C36 /* Release */,
			);
			defaultConfigurationIsVisible = 0;
		};
/* End XCConfigurationList section */
	};
	rootObject = E3EB67561CD2705A00AE0C36 /* Project object */;
}
